{
  "name": "runpilot-rdp-web",
  "lockfileVersion": 3,
  "requires": true,
  "packages": {
    "": {
      "dependencies": {
        "@devolutions/iron-remote-desktop": "0.11.0",
        "@devolutions/iron-remote-desktop-rdp": "0.7.0"
      }
    },
    "node_modules/@devolutions/iron-remote-desktop": {
      "version": "0.11.0",
      "resolved": "https://registry.npmjs.org/@devolutions/iron-remote-desktop/-/iron-remote-desktop-0.11.0.tgz",
      "integrity": "sha512-ZH8xfabDA+6rAXkW2V3XgRdj0LHOsHoXAzars/H22DmKsHM39LdMfheKFUR3qLaFDM8mjf6DTFngzjgr+Byx0Q==",
      "license": "MIT OR Apache-2.0"
    },
    "node_modules/@devolutions/iron-remote-desktop-rdp": {
      "version": "0.7.0",
      "resolved": "https://registry.npmjs.org/@devolutions/iron-remote-desktop-rdp/-/iron-remote-desktop-rdp-0.7.0.tgz",
      "integrity": "sha512-CclAh4OS9aBoPJT0l7bih7ETOHPnB9KjT0drB0a6r5+Qh95pTEuQCx7uFN/XA2AlkFlrqx+DBAMDGYXmgsjHAQ==",
      "license": "MIT OR Apache-2.0"
    }
  }
}
